
Microsoft Visual Studio Solution File, Format Version 12.00
# Visual Studio Version 16
VisualStudioVersion = 16.0.30804.86
MinimumVisualStudioVersion = 10.0.40219.1
Project("{8BC9CEB8-8B4A-11D0-8D11-00A0C91BC942}") = "TemplateAssign", "TemplateAssign\TemplateAssign.vcxproj", "{6ED9DD59-56D7-46A4-92FA-1334BFD53FA8}"
EndProject
Global
	GlobalSection(SolutionConfigurationPlatforms) = preSolution
		Debug|x64 = Debug|x64
		Debug|x86 = Debug|x86
		Release|x64 = Release|x64
		Release|x86 = Release|x86
	EndGlobalSection
	GlobalSection(ProjectConfigurationPlatforms) = postSolution
		{6ED9DD59-56D7-46A4-92FA-1334BFD53FA8}.Debug|x64.ActiveCfg = Debug|x64
		{6ED9DD59-56D7-46A4-92FA-1334BFD53FA8}.Debug|x64.Build.0 = Debug|x64
		{6ED9DD59-56D7-46A4-92FA-1334BFD53FA8}.Debug|x86.ActiveCfg = Debug|Win32
		{6ED9DD59-56D7-46A4-92FA-1334BFD53FA8}.Debug|x86.Build.0 = Debug|Win32
		{6ED9DD59-56D7-46A4-92FA-1334BFD53FA8}.Release|x64.ActiveCfg = Release|x64
		{6ED9DD59-56D7-46A4-92FA-1334BFD53FA8}.Release|x64.Build.0 = Release|x64
		{6ED9DD59-56D7-46A4-92FA-1334BFD53FA8}.Release|x86.ActiveCfg = Release|Win32
		{6ED9DD59-56D7-46A4-92FA-1334BFD53FA8}.Release|x86.Build.0 = Release|Win32
	EndGlobalSection
	GlobalSection(SolutionProperties) = preSolution
		HideSolutionNode = FALSE
	EndGlobalSection
	GlobalSection(ExtensibilityGlobals) = postSolution
		SolutionGuid = {4B82659D-0604-4C6E-965C-F2035573BD6F}
	EndGlobalSection
EndGlobal
